// !$*UTF8*$!
{
	archiveVersion = 1;
	classes = {
	};
	objectVersion = 55;
	objects = {

/* Begin PBXBuildFile section */
		2274F484299F721600B3DD90 /* iOSGiffyApp.swift in Sources */ = {isa = PBXBuildFile; fileRef = 2274F483299F721600B3DD90 /* iOSGiffyApp.swift */; };
		2274F486299F721600B3DD90 /* ContentView.swift in Sources */ = {isa = PBXBuildFile; fileRef = 2274F485299F721600B3DD90 /* ContentView.swift */; };
		2274F488299F721700B3DD90 /* Assets.xcassets in Resources */ = {isa = PBXBuildFile; fileRef = 2274F487299F721700B3DD90 /* Assets.xcassets */; };
		2274F48B299F721700B3DD90 /* Preview Assets.xcassets in Resources */ = {isa = PBXBuildFile; fileRef = 2274F48A299F721700B3DD90 /* Preview Assets.xcassets */; };
		2274F498299F72C800B3DD90 /* KeyboardViewController.swift in Sources */ = {isa = PBXBuildFile; fileRef = 2274F497299F72C800B3DD90 /* KeyboardViewController.swift */; };
		2274F49C299F72C800B3DD90 /* GiffyBoard.appex in Embed App Extensions */ = {isa = PBXBuildFile; fileRef = 2274F495299F72C800B3DD90 /* GiffyBoard.appex */; settings = {ATTRIBUTES = (RemoveHeadersOnCopy, ); }; };
		2274F4A2299F741F00B3DD90 /* GiffyBoardView.swift in Sources */ = {isa = PBXBuildFile; fileRef = 2274F4A1299F741F00B3DD90 /* GiffyBoardView.swift */; };
/* End PBXBuildFile section */

/* Begin PBXContainerItemProxy section */
		2274F49A299F72C800B3DD90 /* PBXContainerItemProxy */ = {
			isa = PBXContainerItemProxy;
			containerPortal = 2274F478299F721600B3DD90 /* Project object */;
			proxyType = 1;
			remoteGlobalIDString = 2274F494299F72C800B3DD90;
			remoteInfo = GiffyBoard;
		};
/* End PBXContainerItemProxy section */

/* Begin PBXCopyFilesBuildPhase section */
		2274F4A0299F72C800B3DD90 /* Embed App Extensions */ = {
			isa = PBXCopyFilesBuildPhase;
			buildActionMask = 2147483647;
			dstPath = "";
			dstSubfolderSpec = 13;
			files = (
				2274F49C299F72C800B3DD90 /* GiffyBoard.appex in Embed App Extensions */,
			);
			name = "Embed App Extensions";
			runOnlyForDeploymentPostprocessing = 0;
		};
/* End PBXCopyFilesBuildPhase section */

/* Begin PBXFileReference section */
		2274F480299F721600B3DD90 /* iOSGiffy.app */ = {isa = PBXFileReference; explicitFileType = wrapper.application; includeInIndex = 0; path = iOSGiffy.app; sourceTree = BUILT_PRODUCTS_DIR; };
		2274F483299F721600B3DD90 /* iOSGiffyApp.swift */ = {isa = PBXFileReference; lastKnownFileType = sourcecode.swift; path = iOSGiffyApp.swift; sourceTree = "<group>"; };
		2274F485299F721600B3DD90 /* ContentView.swift */ = {isa = PBXFileReference; lastKnownFileType = sourcecode.swift; path = ContentView.swift; sourceTree = "<group>"; };
		2274F487299F721700B3DD90 /* Assets.xcassets */ = {isa = PBXFileReference; lastKnownFileType = folder.assetcatalog; path = Assets.xcassets; sourceTree = "<group>"; };
		2274F48A299F721700B3DD90 /* Preview Assets.xcassets */ = {isa = PBXFileReference; lastKnownFileType = folder.assetcatalog; path = "Preview Assets.xcassets"; sourceTree = "<group>"; };
		2274F495299F72C800B3DD90 /* GiffyBoard.appex */ = {isa = PBXFileReference; explicitFileType = "wrapper.app-extension"; includeInIndex = 0; path = GiffyBoard.appex; sourceTree = BUILT_PRODUCTS_DIR; };
		2274F497299F72C800B3DD90 /* KeyboardViewController.swift */ = {isa = PBXFileReference; lastKnownFileType = sourcecode.swift; path = KeyboardViewController.swift; sourceTree = "<group>"; };
		2274F499299F72C800B3DD90 /* Info.plist */ = {isa = PBXFileReference; lastKnownFileType = text.plist.xml; path = Info.plist; sourceTree = "<group>"; };
		2274F4A1299F741F00B3DD90 /* GiffyBoardView.swift */ = {isa = PBXFileReference; lastKnownFileType = sourcecode.swift; path = GiffyBoardView.swift; sourceTree = "<group>"; };
/* End PBXFileReference section */

/* Begin PBXFrameworksBuildPhase section */
		2274F47D299F721600B3DD90 /* Frameworks */ = {
			isa = PBXFrameworksBuildPhase;
			buildActionMask = 2147483647;
			files = (
			);
			runOnlyForDeploymentPostprocessing = 0;
		};
		2274F492299F72C800B3DD90 /* Frameworks */ = {
			isa = PBXFrameworksBuildPhase;
			buildActionMask = 2147483647;
			files = (
			);
			runOnlyForDeploymentPostprocessing = 0;
		};
/* End PBXFrameworksBuildPhase section */

/* Begin PBXGroup section */
		2274F477299F721500B3DD90 = {
			isa = PBXGroup;
			children = (
				2274F482299F721600B3DD90 /* iOSGiffy */,
				2274F496299F72C800B3DD90 /* GiffyBoard */,
				2274F481299F721600B3DD90 /* Products */,
			);
			sourceTree = "<group>";
		};
		2274F481299F721600B3DD90 /* Products */ = {
			isa = PBXGroup;
			children = (
				2274F480299F721600B3DD90 /* iOSGiffy.app */,
				2274F495299F72C800B3DD90 /* GiffyBoard.appex */,
			);
			name = Products;
			sourceTree = "<group>";
		};
		2274F482299F721600B3DD90 /* iOSGiffy */ = {
			isa = PBXGroup;
			children = (
				2274F483299F721600B3DD90 /* iOSGiffyApp.swift */,
				2274F485299F721600B3DD90 /* ContentView.swift */,
				2274F487299F721700B3DD90 /* Assets.xcassets */,
				2274F489299F721700B3DD90 /* Preview Content */,
			);
			path = iOSGiffy;
			sourceTree = "<group>";
		};
		2274F489299F721700B3DD90 /* Preview Content */ = {
			isa = PBXGroup;
			children = (
				2274F48A299F721700B3DD90 /* Preview Assets.xcassets */,
			);
			path = "Preview Content";
			sourceTree = "<group>";
		};
		2274F496299F72C800B3DD90 /* GiffyBoard */ = {
			isa = PBXGroup;
			children = (
				2274F497299F72C800B3DD90 /* KeyboardViewController.swift */,
				2274F499299F72C800B3DD90 /* Info.plist */,
				2274F4A1299F741F00B3DD90 /* GiffyBoardView.swift */,
			);
			path = GiffyBoard;
			sourceTree = "<group>";
		};
/* End PBXGroup section */

/* Begin PBXNativeTarget section */
		2274F47F299F721600B3DD90 /* iOSGiffy */ = {
			isa = PBXNativeTarget;
			buildConfigurationList = 2274F48E299F721700B3DD90 /* Build configuration list for PBXNativeTarget "iOSGiffy" */;
			buildPhases = (
				2274F47C299F721600B3DD90 /* Sources */,
				2274F47D299F721600B3DD90 /* Frameworks */,
				2274F47E299F721600B3DD90 /* Resources */,
				2274F4A0299F72C800B3DD90 /* Embed App Extensions */,
			);
			buildRules = (
			);
			dependencies = (
				2274F49B299F72C800B3DD90 /* PBXTargetDependency */,
			);
			name = iOSGiffy;
			productName = iOSGiffy;
			productReference = 2274F480299F721600B3DD90 /* iOSGiffy.app */;
			productType = "com.apple.product-type.application";
		};
		2274F494299F72C800B3DD90 /* GiffyBoard */ = {
			isa = PBXNativeTarget;
			buildConfigurationList = 2274F49D299F72C800B3DD90 /* Build configuration list for PBXNativeTarget "GiffyBoard" */;
			buildPhases = (
				2274F491299F72C800B3DD90 /* Sources */,
				2274F492299F72C800B3DD90 /* Frameworks */,
				2274F493299F72C800B3DD90 /* Resources */,
			);
			buildRules = (
			);
			dependencies = (
			);
			name = GiffyBoard;
			productName = GiffyBoard;
			productReference = 2274F495299F72C800B3DD90 /* GiffyBoard.appex */;
			productType = "com.apple.product-type.app-extension";
		};
/* End PBXNativeTarget section */

/* Begin PBXProject section */
		2274F478299F721600B3DD90 /* Project object */ = {
			isa = PBXProject;
			attributes = {
				BuildIndependentTargetsInParallel = 1;
				LastSwiftUpdateCheck = 1310;
				LastUpgradeCheck = 1310;
				TargetAttributes = {
					2274F47F299F721600B3DD90 = {
						CreatedOnToolsVersion = 13.1;
					};
					2274F494299F72C800B3DD90 = {
						CreatedOnToolsVersion = 13.1;
					};
				};
			};
			buildConfigurationList = 2274F47B299F721600B3DD90 /* Build configuration list for PBXProject "iOSGiffy" */;
			compatibilityVersion = "Xcode 13.0";
			developmentRegion = en;
			hasScannedForEncodings = 0;
			knownRegions = (
				en,
				Base,
			);
			mainGroup = 2274F477299F721500B3DD90;
			productRefGroup = 2274F481299F721600B3DD90 /* Products */;
			projectDirPath = "";
			projectRoot = "";
			targets = (
				2274F47F299F721600B3DD90 /* iOSGiffy */,
				2274F494299F72C800B3DD90 /* GiffyBoard */,
			);
		};
/* End PBXProject section */

/* Begin PBXResourcesBuildPhase section */
		2274F47E299F721600B3DD90 /* Resources */ = {
			isa = PBXResourcesBuildPhase;
			buildActionMask = 2147483647;
			files = (
				2274F48B299F721700B3DD90 /* Preview Assets.xcassets in Resources */,
				2274F488299F721700B3DD90 /* Assets.xcassets in Resources */,
			);
			runOnlyForDeploymentPostprocessing = 0;
		};
		2274F493299F72C800B3DD90 /* Resources */ = {
			isa = PBXResourcesBuildPhase;
			buildActionMask = 2147483647;
			files = (
			);
			runOnlyForDeploymentPostprocessing = 0;
		};
/* End PBXResourcesBuildPhase section */

/* Begin PBXSourcesBuildPhase section */
		2274F47C299F721600B3DD90 /* Sources */ = {
			isa = PBXSourcesBuildPhase;
			buildActionMask = 2147483647;
			files = (
				2274F486299F721600B3DD90 /* ContentView.swift in Sources */,
				2274F484299F721600B3DD90 /* iOSGiffyApp.swift in Sources */,
			);
			runOnlyForDeploymentPostprocessing = 0;
		};
		2274F491299F72C800B3DD90 /* Sources */ = {
			isa = PBXSourcesBuildPhase;
			buildActionMask = 2147483647;
			files = (
				2274F498299F72C800B3DD90 /* KeyboardViewController.swift in Sources */,
				2274F4A2299F741F00B3DD90 /* GiffyBoardView.swift in Sources */,
			);
			runOnlyForDeploymentPostprocessing = 0;
		};
/* End PBXSourcesBuildPhase section */

/* Begin PBXTargetDependency section */
		2274F49B299F72C800B3DD90 /* PBXTargetDependency */ = {
			isa = PBXTargetDependency;
			target = 2274F494299F72C800B3DD90 /* GiffyBoard */;
			targetProxy = 2274F49A299F72C800B3DD90 /* PBXContainerItemProxy */;
		};
/* End PBXTargetDependency section */

/* Begin XCBuildConfiguration section */
		2274F48C299F721700B3DD90 /* Debug */ = {
			isa = XCBuildConfiguration;
			buildSettings = {
				ALWAYS_SEARCH_USER_PATHS = NO;
				CLANG_ANALYZER_NONNULL = YES;
				CLANG_ANALYZER_NUMBER_OBJECT_CONVERSION = YES_AGGRESSIVE;
				CLANG_CXX_LANGUAGE_STANDARD = "gnu++17";
				CLANG_CXX_LIBRARY = "libc++";
				CLANG_ENABLE_MODULES = YES;
				CLANG_ENABLE_OBJC_ARC = YES;
				CLANG_ENABLE_OBJC_WEAK = YES;
				CLANG_WARN_BLOCK_CAPTURE_AUTORELEASING = YES;
				CLANG_WARN_BOOL_CONVERSION = YES;
				CLANG_WARN_COMMA = YES;
				CLANG_WARN_CONSTANT_CONVERSION = YES;
				CLANG_WARN_DEPRECATED_OBJC_IMPLEMENTATIONS = YES;
				CLANG_WARN_DIRECT_OBJC_ISA_USAGE = YES_ERROR;
				CLANG_WARN_DOCUMENTATION_COMMENTS = YES;
				CLANG_WARN_EMPTY_BODY = YES;
				CLANG_WARN_ENUM_CONVERSION = YES;
				CLANG_WARN_INFINITE_RECURSION = YES;
				CLANG_WARN_INT_CONVERSION = YES;
				CLANG_WARN_NON_LITERAL_NULL_CONVERSION = YES;
				CLANG_WARN_OBJC_IMPLICIT_RETAIN_SELF = YES;
				CLANG_WARN_OBJC_LITERAL_CONVERSION = YES;
				CLANG_WARN_OBJC_ROOT_CLASS = YES_ERROR;
				CLANG_WARN_QUOTED_INCLUDE_IN_FRAMEWORK_HEADER = YES;
				CLANG_WARN_RANGE_LOOP_ANALYSIS = YES;
				CLANG_WARN_STRICT_PROTOTYPES = YES;
				CLANG_WARN_SUSPICIOUS_MOVE = YES;
				CLANG_WARN_UNGUARDED_AVAILABILITY = YES_AGGRESSIVE;
				CLANG_WARN_UNREACHABLE_CODE = YES;
				CLANG_WARN__DUPLICATE_METHOD_MATCH = YES;
				COPY_PHASE_STRIP = NO;
				DEBUG_INFORMATION_FORMAT = dwarf;
				ENABLE_STRICT_OBJC_MSGSEND = YES;
				ENABLE_TESTABILITY = YES;
				GCC_C_LANGUAGE_STANDARD = gnu11;
				GCC_DYNAMIC_NO_PIC = NO;
				GCC_NO_COMMON_BLOCKS = YES;
				GCC_OPTIMIZATION_LEVEL = 0;
				GCC_PREPROCESSOR_DEFINITIONS = (
					"DEBUG=1",
					"$(inherited)",
				);
				GCC_WARN_64_TO_32_BIT_CONVERSION = YES;
				GCC_WARN_ABOUT_RETURN_TYPE = YES_ERROR;
				GCC_WARN_UNDECLARED_SELECTOR = YES;
				GCC_WARN_UNINITIALIZED_AUTOS = YES_AGGRESSIVE;
				GCC_WARN_UNUSED_FUNCTION = YES;
				GCC_WARN_UNUSED_VARIABLE = YES;
				IPHONEOS_DEPLOYMENT_TARGET = 15.0;
				MTL_ENABLE_DEBUG_INFO = INCLUDE_SOURCE;
				MTL_FAST_MATH = YES;
				ONLY_ACTIVE_ARCH = YES;
				SDKROOT = iphoneos;
				SWIFT_ACTIVE_COMPILATION_CONDITIONS = DEBUG;
				SWIFT_OPTIMIZATION_LEVEL = "-Onone";
			};
			name = Debug;
		};
		2274F48D299F721700B3DD90 /* Release */ = {
			isa = XCBuildConfiguration;
			buildSettings = {
				ALWAYS_SEARCH_USER_PATHS = NO;
				CLANG_ANALYZER_NONNULL = YES;
				CLANG_ANALYZER_NUMBER_OBJECT_CONVERSION = YES_AGGRESSIVE;
				CLANG_CXX_LANGUAGE_STANDARD = "gnu++17";
				CLANG_CXX_LIBRARY = "libc++";
				CLANG_ENABLE_MODULES = YES;
				CLANG_ENABLE_OBJC_ARC = YES;
				CLANG_ENABLE_OBJC_WEAK = YES;
				CLANG_WARN_BLOCK_CAPTURE_AUTORELEASING = YES;
				CLANG_WARN_BOOL_CONVERSION = YES;
				CLANG_WARN_COMMA = YES;
				CLANG_WARN_CONSTANT_CONVERSION = YES;
				CLANG_WARN_DEPRECATED_OBJC_IMPLEMENTATIONS = YES;
				CLANG_WARN_DIRECT_OBJC_ISA_USAGE = YES_ERROR;
				CLANG_WARN_DOCUMENTATION_COMMENTS = YES;
				CLANG_WARN_EMPTY_BODY = YES;
				CLANG_WARN_ENUM_CONVERSION = YES;
				CLANG_WARN_INFINITE_RECURSION = YES;
				CLANG_WARN_INT_CONVERSION = YES;
				CLANG_WARN_NON_LITERAL_NULL_CONVERSION = YES;
				CLANG_WARN_OBJC_IMPLICIT_RETAIN_SELF = YES;
				CLANG_WARN_OBJC_LITERAL_CONVERSION = YES;
				CLANG_WARN_OBJC_ROOT_CLASS = YES_ERROR;
				CLANG_WARN_QUOTED_INCLUDE_IN_FRAMEWORK_HEADER = YES;
				CLANG_WARN_RANGE_LOOP_ANALYSIS = YES;
				CLANG_WARN_STRICT_PROTOTYPES = YES;
				CLANG_WARN_SUSPICIOUS_MOVE = YES;
				CLANG_WARN_UNGUARDED_AVAILABILITY = YES_AGGRESSIVE;
				CLANG_WARN_UNREACHABLE_CODE = YES;
				CLANG_WARN__DUPLICATE_METHOD_MATCH = YES;
				COPY_PHASE_STRIP = NO;
				DEBUG_INFORMATION_FORMAT = "dwarf-with-dsym";
				ENABLE_NS_ASSERTIONS = NO;
				ENABLE_STRICT_OBJC_MSGSEND = YES;
				GCC_C_LANGUAGE_STANDARD = gnu11;
				GCC_NO_COMMON_BLOCKS = YES;
				GCC_WARN_64_TO_32_BIT_CONVERSION = YES;
				GCC_WARN_ABOUT_RETURN_TYPE = YES_ERROR;
				GCC_WARN_UNDECLARED_SELECTOR = YES;
				GCC_WARN_UNINITIALIZED_AUTOS = YES_AGGRESSIVE;
				GCC_WARN_UNUSED_FUNCTION = YES;
				GCC_WARN_UNUSED_VARIABLE = YES;
				IPHONEOS_DEPLOYMENT_TARGET = 15.0;
				MTL_ENABLE_DEBUG_INFO = NO;
				MTL_FAST_MATH = YES;
				SDKROOT = iphoneos;
				SWIFT_COMPILATION_MODE = wholemodule;
				SWIFT_OPTIMIZATION_LEVEL = "-O";
				VALIDATE_PRODUCT = YES;
			};
			name = Release;
		};
		2274F48F299F721700B3DD90 /* Debug */ = {
			isa = XCBuildConfiguration;
			buildSettings = {
				ALWAYS_EMBED_SWIFT_STANDARD_LIBRARIES = YES;
				ASSETCATALOG_COMPILER_APPICON_NAME = AppIcon;
				ASSETCATALOG_COMPILER_GLOBAL_ACCENT_COLOR_NAME = AccentColor;
				CODE_SIGN_STYLE = Automatic;
				CURRENT_PROJECT_VERSION = 1;
				DEVELOPMENT_ASSET_PATHS = "\"iOSGiffy/Preview Content\"";
				DEVELOPMENT_TEAM = U6XMW9P652;
				ENABLE_PREVIEWS = YES;
				GENERATE_INFOPLIST_FILE = YES;
				INFOPLIST_KEY_UIApplicationSceneManifest_Generation = YES;
				INFOPLIST_KEY_UIApplicationSupportsIndirectInputEvents = YES;
				INFOPLIST_KEY_UILaunchScreen_Generation = YES;
				INFOPLIST_KEY_UISupportedInterfaceOrientations_iPad = "UIInterfaceOrientationPortrait UIInterfaceOrientationPortraitUpsideDown UIInterfaceOrientationLandscapeLeft UIInterfaceOrientationLandscapeRight";
				INFOPLIST_KEY_UISupportedInterfaceOrientations_iPhone = "UIInterfaceOrientationPortrait UIInterfaceOrientationLandscapeLeft UIInterfaceOrientationLandscapeRight";
				LD_RUNPATH_SEARCH_PATHS = (
					"$(inherited)",
					"@executable_path/Frameworks",
				);
				MARKETING_VERSION = 1.0;
				PRODUCT_BUNDLE_IDENTIFIER = com.hachi.codingcat.iOSGiffy;
				PRODUCT_NAME = "$(TARGET_NAME)";
				SWIFT_EMIT_LOC_STRINGS = YES;
				SWIFT_VERSION = 5.0;
				TARGETED_DEVICE_FAMILY = "1,2";
			};
			name = Debug;
		};
		2274F490299F721700B3DD90 /* Release */ = {
			isa = XCBuildConfiguration;
			buildSettings = {
				ALWAYS_EMBED_SWIFT_STANDARD_LIBRARIES = YES;
				ASSETCATALOG_COMPILER_APPICON_NAME = AppIcon;
				ASSETCATALOG_COMPILER_GLOBAL_ACCENT_COLOR_NAME = AccentColor;
				CODE_SIGN_STYLE = Automatic;
				CURRENT_PROJECT_VERSION = 1;
				DEVELOPMENT_ASSET_PATHS = "\"iOSGiffy/Preview Content\"";
				DEVELOPMENT_TEAM = U6XMW9P652;
				ENABLE_PREVIEWS = YES;
				GENERATE_INFOPLIST_FILE = YES;
				INFOPLIST_KEY_UIApplicationSceneManifest_Generation = YES;
				INFOPLIST_KEY_UIApplicationSupportsIndirectInputEvents = YES;
				INFOPLIST_KEY_UILaunchScreen_Generation = YES;
				INFOPLIST_KEY_UISupportedInterfaceOrientations_iPad = "UIInterfaceOrientationPortrait UIInterfaceOrientationPortraitUpsideDown UIInterfaceOrientationLandscapeLeft UIInterfaceOrientationLandscapeRight";
				INFOPLIST_KEY_UISupportedInterfaceOrientations_iPhone = "UIInterfaceOrientationPortrait UIInterfaceOrientationLandscapeLeft UIInterfaceOrientationLandscapeRight";
				LD_RUNPATH_SEARCH_PATHS = (
					"$(inherited)",
					"@executable_path/Frameworks",
				);
				MARKETING_VERSION = 1.0;
				PRODUCT_BUNDLE_IDENTIFIER = com.hachi.codingcat.iOSGiffy;
				PRODUCT_NAME = "$(TARGET_NAME)";
				SWIFT_EMIT_LOC_STRINGS = YES;
				SWIFT_VERSION = 5.0;
				TARGETED_DEVICE_FAMILY = "1,2";
			};
			name = Release;
		};
		2274F49E299F72C800B3DD90 /* Debug */ = {
			isa = XCBuildConfiguration;
			buildSettings = {
				CODE_SIGN_STYLE = Automatic;
				CURRENT_PROJECT_VERSION = 1;
				DEVELOPMENT_TEAM = U6XMW9P652;
				GENERATE_INFOPLIST_FILE = YES;
				INFOPLIST_FILE = GiffyBoard/Info.plist;
				INFOPLIST_KEY_CFBundleDisplayName = GiffyBoard;
				INFOPLIST_KEY_NSHumanReadableCopyright = "";
				LD_RUNPATH_SEARCH_PATHS = (
					"$(inherited)",
					"@executable_path/Frameworks",
					"@executable_path/../../Frameworks",
				);
				MARKETING_VERSION = 1.0;
				PRODUCT_BUNDLE_IDENTIFIER = com.hachi.codingcat.iOSGiffy.GiffyBoard;
				PRODUCT_NAME = "$(TARGET_NAME)";
				SKIP_INSTALL = YES;
				SWIFT_EMIT_LOC_STRINGS = YES;
				SWIFT_VERSION = 5.0;
				TARGETED_DEVICE_FAMILY = "1,2";
			};
			name = Debug;
		};
		2274F49F299F72C800B3DD90 /* Release */ = {
			isa = XCBuildConfiguration;
			buildSettings = {
				CODE_SIGN_STYLE = Automatic;
				CURRENT_PROJECT_VERSION = 1;
				DEVELOPMENT_TEAM = U6XMW9P652;
				GENERATE_INFOPLIST_FILE = YES;
				INFOPLIST_FILE = GiffyBoard/Info.plist;
				INFOPLIST_KEY_CFBundleDisplayName = GiffyBoard;
				INFOPLIST_KEY_NSHumanReadableCopyright = "";
				LD_RUNPATH_SEARCH_PATHS = (
					"$(inherited)",
					"@executable_path/Frameworks",
					"@executable_path/../../Frameworks",
				);
				MARKETING_VERSION = 1.0;
				PRODUCT_BUNDLE_IDENTIFIER = com.hachi.codingcat.iOSGiffy.GiffyBoard;
				PRODUCT_NAME = "$(TARGET_NAME)";
				SKIP_INSTALL = YES;
				SWIFT_EMIT_LOC_STRINGS = YES;
				SWIFT_VERSION = 5.0;
				TARGETED_DEVICE_FAMILY = "1,2";
			};
			name = Release;
		};
/* End XCBuildConfiguration section */

/* Begin XCConfigurationList section */
		2274F47B299F721600B3DD90 /* Build configuration list for PBXProject "iOSGiffy" */ = {
			isa = XCConfigurationList;
			buildConfigurations = (
				2274F48C299F721700B3DD90 /* Debug */,
				2274F48D299F721700B3DD90 /* Release */,
			);
			defaultConfigurationIsVisible = 0;
			defaultConfigurationName = Release;
		};
		2274F48E299F721700B3DD90 /* Build configuration list for PBXNativeTarget "iOSGiffy" */ = {
			isa = XCConfigurationList;
			buildConfigurations = (
				2274F48F299F721700B3DD90 /* Debug */,
				2274F490299F721700B3DD90 /* Release */,
			);
			defaultConfigurationIsVisible = 0;
			defaultConfigurationName = Release;
		};
		2274F49D299F72C800B3DD90 /* Build configuration list for PBXNativeTarget "GiffyBoard" */ = {
			isa = XCConfigurationList;
			buildConfigurations = (
				2274F49E299F72C800B3DD90 /* Debug */,
				2274F49F299F72C800B3DD90 /* Release */,
			);
			defaultConfigurationIsVisible = 0;
			defaultConfigurationName = Release;
		};
/* End XCConfigurationList section */
	};
	rootObject = 2274F478299F721600B3DD90 /* Project object */;
}
